
Microsoft Visual Studio Solution File, Format Version 12.00
# Visual Studio Version 16
VisualStudioVersion = 16.0.30804.86
MinimumVisualStudioVersion = 10.0.40219.1
Project("{72f67611-4e35-4481-9487-335142ef4dc5}") = "KK_ButtPlugin", "KK_ButtPlugin\KK_ButtPlugin.csproj", "{36e78d7d-c987-4e98-b709-149d19c4193a}"
EndProject
Global
	GlobalSection(SolutionConfigurationPlatforms) = preSolution
		Debug|Any CPU = Debug|Any CPU
		Release|Any CPU = Release|Any CPU
	EndGlobalSection
	GlobalSection(ProjectConfigurationPlatforms) = postSolution
		{36e78d7d-c987-4e98-b709-149d19c4193a}.Debug|Any CPU.ActiveCfg = Debug|Any CPU
		{36e78d7d-c987-4e98-b709-149d19c4193a}.Debug|Any CPU.Build.0 = Debug|Any CPU
		{36e78d7d-c987-4e98-b709-149d19c4193a}.Release|Any CPU.ActiveCfg = Release|Any CPU
		{36e78d7d-c987-4e98-b709-149d19c4193a}.Release|Any CPU.Build.0 = Release|Any CPU
	EndGlobalSection
	GlobalSection(SolutionProperties) = preSolution
		HideSolutionNode = FALSE
	EndGlobalSection
	GlobalSection(ExtensibilityGlobals) = postSolution
		SolutionGuid = {446d456d-8d87-438a-9dac-1b76093e0305}
	EndGlobalSection
EndGlobal
