
Microsoft Visual Studio Solution File, Format Version 12.00
# Visual Studio Version 17
VisualStudioVersion = 17.3.32825.248
MinimumVisualStudioVersion = 10.0.40219.1
Project("{FAE04EC0-301F-11D3-BF4B-00C04F79EFBC}") = "Installer", "Installer\Installer.csproj", "{83D52EFF-03B6-49F9-A173-40470B5306D3}"
EndProject
Project("{FAE04EC0-301F-11D3-BF4B-00C04F79EFBC}") = "LoveMachine.Core", "LoveMachine.Core\LoveMachine.Core.csproj", "{36E78D7D-C987-4E98-B709-149D19C4193A}"
EndProject
Project("{FAE04EC0-301F-11D3-BF4B-00C04F79EFBC}") = "LoveMachine.KK", "LoveMachine.KK\LoveMachine.KK.csproj", "{8AB7D330-2E67-47D2-8503-3EA98A0AF52C}"
EndProject
Project("{FAE04EC0-301F-11D3-BF4B-00C04F79EFBC}") = "LoveMachine.HS2", "LoveMachine.HS2\LoveMachine.HS2.csproj", "{31858493-D5C5-4D05-A202-929ABA457558}"
EndProject
Project("{FAE04EC0-301F-11D3-BF4B-00C04F79EFBC}") = "LoveMachine.KKS", "LoveMachine.KKS\LoveMachine.KKS.csproj", "{E3D1C1B7-C9CB-4DFC-B36D-72BFFE73CAC3}"
EndProject
Project("{FAE04EC0-301F-11D3-BF4B-00C04F79EFBC}") = "LoveMachine.PH", "LoveMachine.PH\LoveMachine.PH.csproj", "{8FDD1A5C-E7CD-493B-A182-CB82821EDE44}"
EndProject
Project("{FAE04EC0-301F-11D3-BF4B-00C04F79EFBC}") = "LoveMachine.AGH", "LoveMachine.AGH\LoveMachine.AGH.csproj", "{EE4E9234-F7E8-49DF-8096-1E5612E730DC}"
EndProject
Project("{FAE04EC0-301F-11D3-BF4B-00C04F79EFBC}") = "LoveMachine.OA", "LoveMachine.OA\LoveMachine.OA.csproj", "{0E4427FD-CDD6-4AC1-80EF-234C2C4241D7}"
EndProject
Project("{FAE04EC0-301F-11D3-BF4B-00C04F79EFBC}") = "LoveMachine.IO", "LoveMachine.IO\LoveMachine.IO.csproj", "{AF9E6F6F-5CF3-4E01-BCC8-8122DAFC374B}"
EndProject
Project("{FAE04EC0-301F-11D3-BF4B-00C04F79EFBC}") = "LoveMachine.COM3D2", "LoveMachine.COM3D2\LoveMachine.COM3D2.csproj", "{E160CE73-DDAB-4F86-9C8D-502752EAA144}"
EndProject
Project("{FAE04EC0-301F-11D3-BF4B-00C04F79EFBC}") = "LoveMachine.Core.IL2CPP", "LoveMachine.Core.IL2CPP\LoveMachine.Core.IL2CPP.csproj", "{C99DFA93-A3C2-49DD-BA1D-F9001DAEFDF9}"
EndProject
Project("{FAE04EC0-301F-11D3-BF4B-00C04F79EFBC}") = "LoveMachine.RG", "LoveMachine.RG\LoveMachine.RG.csproj", "{1D29C16D-C7DC-4732-B6FC-D51666E2610F}"
EndProject
Project("{FAE04EC0-301F-11D3-BF4B-00C04F79EFBC}") = "LoveMachine.VRK", "LoveMachine.VRK\LoveMachine.VRK.csproj", "{66290A59-E659-4893-BA13-031DBD5F4C75}"
EndProject
Project("{FAE04EC0-301F-11D3-BF4B-00C04F79EFBC}") = "LoveMachine.HKR", "LoveMachine.HKR\LoveMachine.HKR.csproj", "{F1ED3B21-C561-4F73-89D2-7554BA97DF8B}"
EndProject
Project("{FAE04EC0-301F-11D3-BF4B-00C04F79EFBC}") = "LoveMachine.SCS", "LoveMachine.SCS\LoveMachine.SCS.csproj", "{77A7A8A5-FE80-49BE-94A3-452A28CCB541}"
EndProject
Project("{FAE04EC0-301F-11D3-BF4B-00C04F79EFBC}") = "LoveMachine.Core.Pre54", "LoveMachine.Core.Pre54\LoveMachine.Core.Pre54.csproj", "{B1B25411-FC00-4D2A-B929-136BF0CD57AA}"
	ProjectSection(ProjectDependencies) = postProject
		{36E78D7D-C987-4E98-B709-149D19C4193A} = {36E78D7D-C987-4E98-B709-149D19C4193A}
	EndProjectSection
EndProject
Project("{2150E333-8FDC-42A3-9474-1A3956D46DE8}") = "Core", "Core", "{E5481B50-A363-4C59-903A-505C77E139E5}"
EndProject
Project("{2150E333-8FDC-42A3-9474-1A3956D46DE8}") = "Plugins", "Plugins", "{C9AD8132-2D49-41BF-8AFB-E7AE8870880C}"
EndProject
Project("{FAE04EC0-301F-11D3-BF4B-00C04F79EFBC}") = "LoveMachine.LE", "LoveMachine.LE\LoveMachine.LE.csproj", "{0A502B4B-C487-476B-910C-EA01A4DD5C02}"
EndProject
Project("{FAE04EC0-301F-11D3-BF4B-00C04F79EFBC}") = "LoveMachine.SC", "LoveMachine.SC\LoveMachine.SC.csproj", "{78087F9F-3FDA-4FB7-8D85-C653E8C57121}"
EndProject
Project("{FAE04EC0-301F-11D3-BF4B-00C04F79EFBC}") = "LoveMachine.I2C", "LoveMachine.I2C\LoveMachine.I2C.csproj", "{A17A77E0-9257-498A-80EB-22467AFD3921}"
EndProject
Project("{FAE04EC0-301F-11D3-BF4B-00C04F79EFBC}") = "LoveMachine.KKLB", "LoveMachine.KKLB\LoveMachine.KKLB.csproj", "{5C97957C-01EE-4356-8AAE-7FCFB8DD4620}"
EndProject
Project("{FAE04EC0-301F-11D3-BF4B-00C04F79EFBC}") = "LoveMachine.OT", "LoveMachine.OT\LoveMachine.OT.csproj", "{8032C929-0C88-4E91-A11D-B8B32ED0658D}"
EndProject
Project("{FAE04EC0-301F-11D3-BF4B-00C04F79EFBC}") = "LoveMachine.AI", "LoveMachine.AI\LoveMachine.AI.csproj", "{DAB043BB-2B90-4226-B41F-28C590F343D2}"
EndProject
Project("{FAE04EC0-301F-11D3-BF4B-00C04F79EFBC}") = "LoveMachine.HS", "LoveMachine.HS\LoveMachine.HS.csproj", "{356DC42A-82EF-4D66-930E-F092ED3E7590}"
EndProject
Project("{FAE04EC0-301F-11D3-BF4B-00C04F79EFBC}") = "LoveMachine.WP", "LoveMachine.WP\LoveMachine.WP.csproj", "{4CCDDDCB-8D57-4FCC-AEE1-BD654656B869}"
EndProject
Project("{FAE04EC0-301F-11D3-BF4B-00C04F79EFBC}") = "LoveMachine.DJ", "LoveMachine.DJ\LoveMachine.DJ.csproj", "{FDA46FEE-C12B-4027-A291-68B492AE56FF}"
EndProject
Project("{FAE04EC0-301F-11D3-BF4B-00C04F79EFBC}") = "LoveMachine.HC", "LoveMachine.HC\LoveMachine.HC.csproj", "{5502A264-E13A-40AE-9476-46FB8413BBAD}"
EndProject
Project("{FAE04EC0-301F-11D3-BF4B-00C04F79EFBC}") = "LoveMachine.SG", "LoveMachine.SG\LoveMachine.SG.csproj", "{6610D6B2-93E2-43FA-8BFB-982A020FAB49}"
EndProject
Project("{FAE04EC0-301F-11D3-BF4B-00C04F79EFBC}") = "LoveMachine.SCH", "LoveMachine.SCH\LoveMachine.SCH.csproj", "{274E6D30-C85A-4EC4-88E0-A22FB37363FB}"
EndProject
Project("{FAE04EC0-301F-11D3-BF4B-00C04F79EFBC}") = "LoveMachine.EC", "LoveMachine.EC\LoveMachine.EC.csproj", "{901137A5-D874-4DFF-9F8D-F1273BA0AC5F}"
EndProject
Project("{FAE04EC0-301F-11D3-BF4B-00C04F79EFBC}") = "LoveMachine.AIDR", "LoveMachine.AIDR\LoveMachine.AIDR.csproj", "{A8BE23F5-48A7-4210-B118-DD83F19E90E4}"
EndProject
Global
	GlobalSection(SolutionConfigurationPlatforms) = preSolution
		Debug|Any CPU = Debug|Any CPU
		Release|Any CPU = Release|Any CPU
		Release-net6|Any CPU = Release-net6|Any CPU
		Release-netfx3|Any CPU = Release-netfx3|Any CPU
	EndGlobalSection
	GlobalSection(ProjectConfigurationPlatforms) = postSolution
		{83D52EFF-03B6-49F9-A173-40470B5306D3}.Debug|Any CPU.ActiveCfg = Debug|Any CPU
		{83D52EFF-03B6-49F9-A173-40470B5306D3}.Debug|Any CPU.Build.0 = Debug|Any CPU
		{83D52EFF-03B6-49F9-A173-40470B5306D3}.Release|Any CPU.ActiveCfg = Release|Any CPU
		{83D52EFF-03B6-49F9-A173-40470B5306D3}.Release|Any CPU.Build.0 = Release|Any CPU
		{83D52EFF-03B6-49F9-A173-40470B5306D3}.Release-net6|Any CPU.ActiveCfg = Release|Any CPU
		{83D52EFF-03B6-49F9-A173-40470B5306D3}.Release-netfx3|Any CPU.ActiveCfg = Release|Any CPU
		{36E78D7D-C987-4E98-B709-149D19C4193A}.Debug|Any CPU.ActiveCfg = Debug|Any CPU
		{36E78D7D-C987-4E98-B709-149D19C4193A}.Debug|Any CPU.Build.0 = Debug|Any CPU
		{36E78D7D-C987-4E98-B709-149D19C4193A}.Release|Any CPU.ActiveCfg = Release|Any CPU
		{36E78D7D-C987-4E98-B709-149D19C4193A}.Release|Any CPU.Build.0 = Release|Any CPU
		{36E78D7D-C987-4E98-B709-149D19C4193A}.Release-net6|Any CPU.ActiveCfg = Release|Any CPU
		{36E78D7D-C987-4E98-B709-149D19C4193A}.Release-netfx3|Any CPU.ActiveCfg = Release|Any CPU
		{36E78D7D-C987-4E98-B709-149D19C4193A}.Release-netfx3|Any CPU.Build.0 = Release|Any CPU
		{8AB7D330-2E67-47D2-8503-3EA98A0AF52C}.Debug|Any CPU.ActiveCfg = Debug|Any CPU
		{8AB7D330-2E67-47D2-8503-3EA98A0AF52C}.Debug|Any CPU.Build.0 = Debug|Any CPU
		{8AB7D330-2E67-47D2-8503-3EA98A0AF52C}.Release|Any CPU.ActiveCfg = Release|Any CPU
		{8AB7D330-2E67-47D2-8503-3EA98A0AF52C}.Release|Any CPU.Build.0 = Release|Any CPU
		{8AB7D330-2E67-47D2-8503-3EA98A0AF52C}.Release-net6|Any CPU.ActiveCfg = Release|Any CPU
		{8AB7D330-2E67-47D2-8503-3EA98A0AF52C}.Release-netfx3|Any CPU.ActiveCfg = Release|Any CPU
		{8AB7D330-2E67-47D2-8503-3EA98A0AF52C}.Release-netfx3|Any CPU.Build.0 = Release|Any CPU
		{31858493-D5C5-4D05-A202-929ABA457558}.Debug|Any CPU.ActiveCfg = Debug|Any CPU
		{31858493-D5C5-4D05-A202-929ABA457558}.Debug|Any CPU.Build.0 = Debug|Any CPU
		{31858493-D5C5-4D05-A202-929ABA457558}.Release|Any CPU.ActiveCfg = Release|Any CPU
		{31858493-D5C5-4D05-A202-929ABA457558}.Release|Any CPU.Build.0 = Release|Any CPU
		{31858493-D5C5-4D05-A202-929ABA457558}.Release-net6|Any CPU.ActiveCfg = Release|Any CPU
		{31858493-D5C5-4D05-A202-929ABA457558}.Release-netfx3|Any CPU.ActiveCfg = Release|Any CPU
		{31858493-D5C5-4D05-A202-929ABA457558}.Release-netfx3|Any CPU.Build.0 = Release|Any CPU
		{E3D1C1B7-C9CB-4DFC-B36D-72BFFE73CAC3}.Debug|Any CPU.ActiveCfg = Debug|Any CPU
		{E3D1C1B7-C9CB-4DFC-B36D-72BFFE73CAC3}.Debug|Any CPU.Build.0 = Debug|Any CPU
		{E3D1C1B7-C9CB-4DFC-B36D-72BFFE73CAC3}.Release|Any CPU.ActiveCfg = Release|Any CPU
		{E3D1C1B7-C9CB-4DFC-B36D-72BFFE73CAC3}.Release|Any CPU.Build.0 = Release|Any CPU
		{E3D1C1B7-C9CB-4DFC-B36D-72BFFE73CAC3}.Release-net6|Any CPU.ActiveCfg = Release|Any CPU
		{E3D1C1B7-C9CB-4DFC-B36D-72BFFE73CAC3}.Release-netfx3|Any CPU.ActiveCfg = Release|Any CPU
		{E3D1C1B7-C9CB-4DFC-B36D-72BFFE73CAC3}.Release-netfx3|Any CPU.Build.0 = Release|Any CPU
		{8FDD1A5C-E7CD-493B-A182-CB82821EDE44}.Debug|Any CPU.ActiveCfg = Debug|Any CPU
		{8FDD1A5C-E7CD-493B-A182-CB82821EDE44}.Debug|Any CPU.Build.0 = Debug|Any CPU
		{8FDD1A5C-E7CD-493B-A182-CB82821EDE44}.Release|Any CPU.ActiveCfg = Release|Any CPU
		{8FDD1A5C-E7CD-493B-A182-CB82821EDE44}.Release|Any CPU.Build.0 = Release|Any CPU
		{8FDD1A5C-E7CD-493B-A182-CB82821EDE44}.Release-net6|Any CPU.ActiveCfg = Release|Any CPU
		{8FDD1A5C-E7CD-493B-A182-CB82821EDE44}.Release-netfx3|Any CPU.ActiveCfg = Release|Any CPU
		{8FDD1A5C-E7CD-493B-A182-CB82821EDE44}.Release-netfx3|Any CPU.Build.0 = Release|Any CPU
		{EE4E9234-F7E8-49DF-8096-1E5612E730DC}.Debug|Any CPU.ActiveCfg = Debug|Any CPU
		{EE4E9234-F7E8-49DF-8096-1E5612E730DC}.Debug|Any CPU.Build.0 = Debug|Any CPU
		{EE4E9234-F7E8-49DF-8096-1E5612E730DC}.Release|Any CPU.ActiveCfg = Release|Any CPU
		{EE4E9234-F7E8-49DF-8096-1E5612E730DC}.Release|Any CPU.Build.0 = Release|Any CPU
		{EE4E9234-F7E8-49DF-8096-1E5612E730DC}.Release-net6|Any CPU.ActiveCfg = Release|Any CPU
		{EE4E9234-F7E8-49DF-8096-1E5612E730DC}.Release-netfx3|Any CPU.ActiveCfg = Release|Any CPU
		{EE4E9234-F7E8-49DF-8096-1E5612E730DC}.Release-netfx3|Any CPU.Build.0 = Release|Any CPU
		{0E4427FD-CDD6-4AC1-80EF-234C2C4241D7}.Debug|Any CPU.ActiveCfg = Debug|Any CPU
		{0E4427FD-CDD6-4AC1-80EF-234C2C4241D7}.Debug|Any CPU.Build.0 = Debug|Any CPU
		{0E4427FD-CDD6-4AC1-80EF-234C2C4241D7}.Release|Any CPU.ActiveCfg = Release|Any CPU
		{0E4427FD-CDD6-4AC1-80EF-234C2C4241D7}.Release|Any CPU.Build.0 = Release|Any CPU
		{0E4427FD-CDD6-4AC1-80EF-234C2C4241D7}.Release-net6|Any CPU.ActiveCfg = Release|Any CPU
		{0E4427FD-CDD6-4AC1-80EF-234C2C4241D7}.Release-netfx3|Any CPU.ActiveCfg = Release|Any CPU
		{0E4427FD-CDD6-4AC1-80EF-234C2C4241D7}.Release-netfx3|Any CPU.Build.0 = Release|Any CPU
		{AF9E6F6F-5CF3-4E01-BCC8-8122DAFC374B}.Debug|Any CPU.ActiveCfg = Debug|Any CPU
		{AF9E6F6F-5CF3-4E01-BCC8-8122DAFC374B}.Debug|Any CPU.Build.0 = Debug|Any CPU
		{AF9E6F6F-5CF3-4E01-BCC8-8122DAFC374B}.Release|Any CPU.ActiveCfg = Release|Any CPU
		{AF9E6F6F-5CF3-4E01-BCC8-8122DAFC374B}.Release|Any CPU.Build.0 = Release|Any CPU
		{AF9E6F6F-5CF3-4E01-BCC8-8122DAFC374B}.Release-net6|Any CPU.ActiveCfg = Release|Any CPU
		{AF9E6F6F-5CF3-4E01-BCC8-8122DAFC374B}.Release-netfx3|Any CPU.ActiveCfg = Release|Any CPU
		{AF9E6F6F-5CF3-4E01-BCC8-8122DAFC374B}.Release-netfx3|Any CPU.Build.0 = Release|Any CPU
		{E160CE73-DDAB-4F86-9C8D-502752EAA144}.Debug|Any CPU.ActiveCfg = Debug|Any CPU
		{E160CE73-DDAB-4F86-9C8D-502752EAA144}.Debug|Any CPU.Build.0 = Debug|Any CPU
		{E160CE73-DDAB-4F86-9C8D-502752EAA144}.Release|Any CPU.ActiveCfg = Release|Any CPU
		{E160CE73-DDAB-4F86-9C8D-502752EAA144}.Release|Any CPU.Build.0 = Release|Any CPU
		{E160CE73-DDAB-4F86-9C8D-502752EAA144}.Release-net6|Any CPU.ActiveCfg = Release|Any CPU
		{E160CE73-DDAB-4F86-9C8D-502752EAA144}.Release-netfx3|Any CPU.ActiveCfg = Release|Any CPU
		{E160CE73-DDAB-4F86-9C8D-502752EAA144}.Release-netfx3|Any CPU.Build.0 = Release|Any CPU
		{C99DFA93-A3C2-49DD-BA1D-F9001DAEFDF9}.Debug|Any CPU.ActiveCfg = Debug|Any CPU
		{C99DFA93-A3C2-49DD-BA1D-F9001DAEFDF9}.Debug|Any CPU.Build.0 = Debug|Any CPU
		{C99DFA93-A3C2-49DD-BA1D-F9001DAEFDF9}.Release|Any CPU.ActiveCfg = Release|Any CPU
		{C99DFA93-A3C2-49DD-BA1D-F9001DAEFDF9}.Release|Any CPU.Build.0 = Release|Any CPU
		{C99DFA93-A3C2-49DD-BA1D-F9001DAEFDF9}.Release-net6|Any CPU.ActiveCfg = Release|Any CPU
		{C99DFA93-A3C2-49DD-BA1D-F9001DAEFDF9}.Release-net6|Any CPU.Build.0 = Release|Any CPU
		{C99DFA93-A3C2-49DD-BA1D-F9001DAEFDF9}.Release-netfx3|Any CPU.ActiveCfg = Release|Any CPU
		{1D29C16D-C7DC-4732-B6FC-D51666E2610F}.Debug|Any CPU.ActiveCfg = Debug|Any CPU
		{1D29C16D-C7DC-4732-B6FC-D51666E2610F}.Debug|Any CPU.Build.0 = Debug|Any CPU
		{1D29C16D-C7DC-4732-B6FC-D51666E2610F}.Release|Any CPU.ActiveCfg = Release|Any CPU
		{1D29C16D-C7DC-4732-B6FC-D51666E2610F}.Release|Any CPU.Build.0 = Release|Any CPU
		{1D29C16D-C7DC-4732-B6FC-D51666E2610F}.Release-net6|Any CPU.ActiveCfg = Release|Any CPU
		{1D29C16D-C7DC-4732-B6FC-D51666E2610F}.Release-net6|Any CPU.Build.0 = Release|Any CPU
		{1D29C16D-C7DC-4732-B6FC-D51666E2610F}.Release-netfx3|Any CPU.ActiveCfg = Release|Any CPU
		{66290A59-E659-4893-BA13-031DBD5F4C75}.Debug|Any CPU.ActiveCfg = Debug|Any CPU
		{66290A59-E659-4893-BA13-031DBD5F4C75}.Debug|Any CPU.Build.0 = Debug|Any CPU
		{66290A59-E659-4893-BA13-031DBD5F4C75}.Release|Any CPU.ActiveCfg = Release|Any CPU
		{66290A59-E659-4893-BA13-031DBD5F4C75}.Release|Any CPU.Build.0 = Release|Any CPU
		{66290A59-E659-4893-BA13-031DBD5F4C75}.Release-net6|Any CPU.ActiveCfg = Release|Any CPU
		{66290A59-E659-4893-BA13-031DBD5F4C75}.Release-netfx3|Any CPU.ActiveCfg = Release|Any CPU
		{66290A59-E659-4893-BA13-031DBD5F4C75}.Release-netfx3|Any CPU.Build.0 = Release|Any CPU
		{F1ED3B21-C561-4F73-89D2-7554BA97DF8B}.Debug|Any CPU.ActiveCfg = Debug|Any CPU
		{F1ED3B21-C561-4F73-89D2-7554BA97DF8B}.Debug|Any CPU.Build.0 = Debug|Any CPU
		{F1ED3B21-C561-4F73-89D2-7554BA97DF8B}.Release|Any CPU.ActiveCfg = Release|Any CPU
		{F1ED3B21-C561-4F73-89D2-7554BA97DF8B}.Release|Any CPU.Build.0 = Release|Any CPU
		{F1ED3B21-C561-4F73-89D2-7554BA97DF8B}.Release-net6|Any CPU.ActiveCfg = Release|Any CPU
		{F1ED3B21-C561-4F73-89D2-7554BA97DF8B}.Release-net6|Any CPU.Build.0 = Release|Any CPU
		{F1ED3B21-C561-4F73-89D2-7554BA97DF8B}.Release-netfx3|Any CPU.ActiveCfg = Release|Any CPU
		{77A7A8A5-FE80-49BE-94A3-452A28CCB541}.Debug|Any CPU.ActiveCfg = Debug|Any CPU
		{77A7A8A5-FE80-49BE-94A3-452A28CCB541}.Debug|Any CPU.Build.0 = Debug|Any CPU
		{77A7A8A5-FE80-49BE-94A3-452A28CCB541}.Release|Any CPU.ActiveCfg = Release|Any CPU
		{77A7A8A5-FE80-49BE-94A3-452A28CCB541}.Release|Any CPU.Build.0 = Release|Any CPU
		{77A7A8A5-FE80-49BE-94A3-452A28CCB541}.Release-net6|Any CPU.ActiveCfg = Release|Any CPU
		{77A7A8A5-FE80-49BE-94A3-452A28CCB541}.Release-netfx3|Any CPU.ActiveCfg = Release|Any CPU
		{77A7A8A5-FE80-49BE-94A3-452A28CCB541}.Release-netfx3|Any CPU.Build.0 = Release|Any CPU
		{B1B25411-FC00-4D2A-B929-136BF0CD57AA}.Debug|Any CPU.ActiveCfg = Debug|Any CPU
		{B1B25411-FC00-4D2A-B929-136BF0CD57AA}.Debug|Any CPU.Build.0 = Debug|Any CPU
		{B1B25411-FC00-4D2A-B929-136BF0CD57AA}.Release|Any CPU.ActiveCfg = Release|Any CPU
		{B1B25411-FC00-4D2A-B929-136BF0CD57AA}.Release|Any CPU.Build.0 = Release|Any CPU
		{B1B25411-FC00-4D2A-B929-136BF0CD57AA}.Release-net6|Any CPU.ActiveCfg = Release|Any CPU
		{B1B25411-FC00-4D2A-B929-136BF0CD57AA}.Release-netfx3|Any CPU.ActiveCfg = Release|Any CPU
		{B1B25411-FC00-4D2A-B929-136BF0CD57AA}.Release-netfx3|Any CPU.Build.0 = Release|Any CPU
		{0A502B4B-C487-476B-910C-EA01A4DD5C02}.Debug|Any CPU.ActiveCfg = Debug|Any CPU
		{0A502B4B-C487-476B-910C-EA01A4DD5C02}.Debug|Any CPU.Build.0 = Debug|Any CPU
		{0A502B4B-C487-476B-910C-EA01A4DD5C02}.Release|Any CPU.ActiveCfg = Release|Any CPU
		{0A502B4B-C487-476B-910C-EA01A4DD5C02}.Release|Any CPU.Build.0 = Release|Any CPU
		{0A502B4B-C487-476B-910C-EA01A4DD5C02}.Release-net6|Any CPU.ActiveCfg = Release|Any CPU
		{0A502B4B-C487-476B-910C-EA01A4DD5C02}.Release-netfx3|Any CPU.ActiveCfg = Release|Any CPU
		{0A502B4B-C487-476B-910C-EA01A4DD5C02}.Release-netfx3|Any CPU.Build.0 = Release|Any CPU
		{78087F9F-3FDA-4FB7-8D85-C653E8C57121}.Debug|Any CPU.ActiveCfg = Debug|Any CPU
		{78087F9F-3FDA-4FB7-8D85-C653E8C57121}.Debug|Any CPU.Build.0 = Debug|Any CPU
		{78087F9F-3FDA-4FB7-8D85-C653E8C57121}.Release|Any CPU.ActiveCfg = Release|Any CPU
		{78087F9F-3FDA-4FB7-8D85-C653E8C57121}.Release|Any CPU.Build.0 = Release|Any CPU
		{78087F9F-3FDA-4FB7-8D85-C653E8C57121}.Release-net6|Any CPU.ActiveCfg = Release|Any CPU
		{78087F9F-3FDA-4FB7-8D85-C653E8C57121}.Release-netfx3|Any CPU.ActiveCfg = Release|Any CPU
		{78087F9F-3FDA-4FB7-8D85-C653E8C57121}.Release-netfx3|Any CPU.Build.0 = Release|Any CPU
		{274E6D30-C85A-4EC4-88E0-A22FB37363FB}.Debug|Any CPU.ActiveCfg = Debug|Any CPU
		{274E6D30-C85A-4EC4-88E0-A22FB37363FB}.Debug|Any CPU.Build.0 = Debug|Any CPU
		{274E6D30-C85A-4EC4-88E0-A22FB37363FB}.Release|Any CPU.ActiveCfg = Release|Any CPU
		{274E6D30-C85A-4EC4-88E0-A22FB37363FB}.Release|Any CPU.Build.0 = Release|Any CPU
		{274E6D30-C85A-4EC4-88E0-A22FB37363FB}.Release-net6|Any CPU.ActiveCfg = Release|Any CPU
		{274E6D30-C85A-4EC4-88E0-A22FB37363FB}.Release-net6|Any CPU.Build.0 = Release|Any CPU
		{274E6D30-C85A-4EC4-88E0-A22FB37363FB}.Release-netfx3|Any CPU.ActiveCfg = Release|Any CPU
		{A17A77E0-9257-498A-80EB-22467AFD3921}.Debug|Any CPU.ActiveCfg = Debug|Any CPU
		{A17A77E0-9257-498A-80EB-22467AFD3921}.Debug|Any CPU.Build.0 = Debug|Any CPU
		{A17A77E0-9257-498A-80EB-22467AFD3921}.Release|Any CPU.ActiveCfg = Release|Any CPU
		{A17A77E0-9257-498A-80EB-22467AFD3921}.Release|Any CPU.Build.0 = Release|Any CPU
		{A17A77E0-9257-498A-80EB-22467AFD3921}.Release-netfx3|Any CPU.ActiveCfg = Release|Any CPU
		{A17A77E0-9257-498A-80EB-22467AFD3921}.Release-netfx3|Any CPU.Build.0 = Release|Any CPU
		{A17A77E0-9257-498A-80EB-22467AFD3921}.Release-net6|Any CPU.ActiveCfg = Release|Any CPU
		{5C97957C-01EE-4356-8AAE-7FCFB8DD4620}.Debug|Any CPU.ActiveCfg = Debug|Any CPU
		{5C97957C-01EE-4356-8AAE-7FCFB8DD4620}.Debug|Any CPU.Build.0 = Debug|Any CPU
		{5C97957C-01EE-4356-8AAE-7FCFB8DD4620}.Release|Any CPU.ActiveCfg = Release|Any CPU
		{5C97957C-01EE-4356-8AAE-7FCFB8DD4620}.Release|Any CPU.Build.0 = Release|Any CPU
		{5C97957C-01EE-4356-8AAE-7FCFB8DD4620}.Release-netfx3|Any CPU.ActiveCfg = Release|Any CPU
		{5C97957C-01EE-4356-8AAE-7FCFB8DD4620}.Release-netfx3|Any CPU.Build.0 = Release|Any CPU
		{5C97957C-01EE-4356-8AAE-7FCFB8DD4620}.Release-net6|Any CPU.ActiveCfg = Release|Any CPU
		{8032C929-0C88-4E91-A11D-B8B32ED0658D}.Debug|Any CPU.ActiveCfg = Debug|Any CPU
		{8032C929-0C88-4E91-A11D-B8B32ED0658D}.Debug|Any CPU.Build.0 = Debug|Any CPU
		{8032C929-0C88-4E91-A11D-B8B32ED0658D}.Release|Any CPU.ActiveCfg = Release|Any CPU
		{8032C929-0C88-4E91-A11D-B8B32ED0658D}.Release|Any CPU.Build.0 = Release|Any CPU
		{8032C929-0C88-4E91-A11D-B8B32ED0658D}.Release-net6|Any CPU.ActiveCfg = Release|Any CPU
		{8032C929-0C88-4E91-A11D-B8B32ED0658D}.Release-netfx3|Any CPU.ActiveCfg = Release|Any CPU
		{8032C929-0C88-4E91-A11D-B8B32ED0658D}.Release-netfx3|Any CPU.Build.0 = Release|Any CPU
		{DAB043BB-2B90-4226-B41F-28C590F343D2}.Debug|Any CPU.ActiveCfg = Debug|Any CPU
		{DAB043BB-2B90-4226-B41F-28C590F343D2}.Debug|Any CPU.Build.0 = Debug|Any CPU
		{DAB043BB-2B90-4226-B41F-28C590F343D2}.Release|Any CPU.ActiveCfg = Release|Any CPU
		{DAB043BB-2B90-4226-B41F-28C590F343D2}.Release|Any CPU.Build.0 = Release|Any CPU
		{DAB043BB-2B90-4226-B41F-28C590F343D2}.Release-net6|Any CPU.ActiveCfg = Release|Any CPU
		{DAB043BB-2B90-4226-B41F-28C590F343D2}.Release-netfx3|Any CPU.ActiveCfg = Release|Any CPU
		{DAB043BB-2B90-4226-B41F-28C590F343D2}.Release-netfx3|Any CPU.Build.0 = Release|Any CPU
		{356DC42A-82EF-4D66-930E-F092ED3E7590}.Debug|Any CPU.ActiveCfg = Debug|Any CPU
		{356DC42A-82EF-4D66-930E-F092ED3E7590}.Debug|Any CPU.Build.0 = Debug|Any CPU
		{356DC42A-82EF-4D66-930E-F092ED3E7590}.Release|Any CPU.ActiveCfg = Release|Any CPU
		{356DC42A-82EF-4D66-930E-F092ED3E7590}.Release|Any CPU.Build.0 = Release|Any CPU
		{356DC42A-82EF-4D66-930E-F092ED3E7590}.Release-net6|Any CPU.ActiveCfg = Release|Any CPU
		{356DC42A-82EF-4D66-930E-F092ED3E7590}.Release-netfx3|Any CPU.ActiveCfg = Release|Any CPU
		{356DC42A-82EF-4D66-930E-F092ED3E7590}.Release-netfx3|Any CPU.Build.0 = Release|Any CPU
		{4CCDDDCB-8D57-4FCC-AEE1-BD654656B869}.Debug|Any CPU.ActiveCfg = Debug|Any CPU
		{4CCDDDCB-8D57-4FCC-AEE1-BD654656B869}.Debug|Any CPU.Build.0 = Debug|Any CPU
		{4CCDDDCB-8D57-4FCC-AEE1-BD654656B869}.Release|Any CPU.ActiveCfg = Release|Any CPU
		{4CCDDDCB-8D57-4FCC-AEE1-BD654656B869}.Release|Any CPU.Build.0 = Release|Any CPU
		{4CCDDDCB-8D57-4FCC-AEE1-BD654656B869}.Release-net6|Any CPU.ActiveCfg = Release|Any CPU
		{4CCDDDCB-8D57-4FCC-AEE1-BD654656B869}.Release-netfx3|Any CPU.ActiveCfg = Release|Any CPU
		{4CCDDDCB-8D57-4FCC-AEE1-BD654656B869}.Release-netfx3|Any CPU.Build.0 = Release|Any CPU
		{FDA46FEE-C12B-4027-A291-68B492AE56FF}.Debug|Any CPU.ActiveCfg = Debug|Any CPU
		{FDA46FEE-C12B-4027-A291-68B492AE56FF}.Debug|Any CPU.Build.0 = Debug|Any CPU
		{FDA46FEE-C12B-4027-A291-68B492AE56FF}.Release|Any CPU.ActiveCfg = Release|Any CPU
		{FDA46FEE-C12B-4027-A291-68B492AE56FF}.Release|Any CPU.Build.0 = Release|Any CPU
		{FDA46FEE-C12B-4027-A291-68B492AE56FF}.Release-net6|Any CPU.ActiveCfg = Release|Any CPU
		{FDA46FEE-C12B-4027-A291-68B492AE56FF}.Release-netfx3|Any CPU.ActiveCfg = Release|Any CPU
		{FDA46FEE-C12B-4027-A291-68B492AE56FF}.Release-netfx3|Any CPU.Build.0 = Release|Any CPU
		{5502A264-E13A-40AE-9476-46FB8413BBAD}.Debug|Any CPU.ActiveCfg = Debug|Any CPU
		{5502A264-E13A-40AE-9476-46FB8413BBAD}.Debug|Any CPU.Build.0 = Debug|Any CPU
		{5502A264-E13A-40AE-9476-46FB8413BBAD}.Release|Any CPU.ActiveCfg = Release|Any CPU
		{5502A264-E13A-40AE-9476-46FB8413BBAD}.Release|Any CPU.Build.0 = Release|Any CPU
		{5502A264-E13A-40AE-9476-46FB8413BBAD}.Release-net6|Any CPU.ActiveCfg = Release|Any CPU
		{5502A264-E13A-40AE-9476-46FB8413BBAD}.Release-net6|Any CPU.Build.0 = Release|Any CPU
		{6610D6B2-93E2-43FA-8BFB-982A020FAB49}.Debug|Any CPU.ActiveCfg = Debug|Any CPU
		{6610D6B2-93E2-43FA-8BFB-982A020FAB49}.Debug|Any CPU.Build.0 = Debug|Any CPU
		{6610D6B2-93E2-43FA-8BFB-982A020FAB49}.Release|Any CPU.ActiveCfg = Release|Any CPU
		{6610D6B2-93E2-43FA-8BFB-982A020FAB49}.Release|Any CPU.Build.0 = Release|Any CPU
		{6610D6B2-93E2-43FA-8BFB-982A020FAB49}.Release-net6|Any CPU.ActiveCfg = Release|Any CPU
		{6610D6B2-93E2-43FA-8BFB-982A020FAB49}.Release-netfx3|Any CPU.ActiveCfg = Release|Any CPU
		{6610D6B2-93E2-43FA-8BFB-982A020FAB49}.Release-netfx3|Any CPU.Build.0 = Release|Any CPU
		{5502A264-E13A-40AE-9476-46FB8413BBAD}.Release-netfx3|Any CPU.ActiveCfg = Release|Any CPU
		{901137A5-D874-4DFF-9F8D-F1273BA0AC5F}.Debug|Any CPU.ActiveCfg = Debug|Any CPU
		{901137A5-D874-4DFF-9F8D-F1273BA0AC5F}.Debug|Any CPU.Build.0 = Debug|Any CPU
		{901137A5-D874-4DFF-9F8D-F1273BA0AC5F}.Release|Any CPU.ActiveCfg = Release|Any CPU
		{901137A5-D874-4DFF-9F8D-F1273BA0AC5F}.Release|Any CPU.Build.0 = Release|Any CPU
		{901137A5-D874-4DFF-9F8D-F1273BA0AC5F}.Release-net6|Any CPU.ActiveCfg = Release|Any CPU
		{901137A5-D874-4DFF-9F8D-F1273BA0AC5F}.Release-netfx3|Any CPU.ActiveCfg = Release|Any CPU
		{901137A5-D874-4DFF-9F8D-F1273BA0AC5F}.Release-netfx3|Any CPU.Build.0 = Release|Any CPU
		{A8BE23F5-48A7-4210-B118-DD83F19E90E4}.Debug|Any CPU.ActiveCfg = Debug|Any CPU
		{A8BE23F5-48A7-4210-B118-DD83F19E90E4}.Debug|Any CPU.Build.0 = Debug|Any CPU
		{A8BE23F5-48A7-4210-B118-DD83F19E90E4}.Release|Any CPU.ActiveCfg = Release|Any CPU
		{A8BE23F5-48A7-4210-B118-DD83F19E90E4}.Release|Any CPU.Build.0 = Release|Any CPU
		{A8BE23F5-48A7-4210-B118-DD83F19E90E4}.Release-net6|Any CPU.ActiveCfg = Release|Any CPU
		{A8BE23F5-48A7-4210-B118-DD83F19E90E4}.Release-net6|Any CPU.Build.0 = Release|Any CPU
		{A8BE23F5-48A7-4210-B118-DD83F19E90E4}.Release-netfx3|Any CPU.ActiveCfg = Release|Any CPU
	EndGlobalSection
	GlobalSection(SolutionProperties) = preSolution
		HideSolutionNode = FALSE
	EndGlobalSection
	GlobalSection(NestedProjects) = preSolution
		{36E78D7D-C987-4E98-B709-149D19C4193A} = {E5481B50-A363-4C59-903A-505C77E139E5}
		{8AB7D330-2E67-47D2-8503-3EA98A0AF52C} = {C9AD8132-2D49-41BF-8AFB-E7AE8870880C}
		{31858493-D5C5-4D05-A202-929ABA457558} = {C9AD8132-2D49-41BF-8AFB-E7AE8870880C}
		{E3D1C1B7-C9CB-4DFC-B36D-72BFFE73CAC3} = {C9AD8132-2D49-41BF-8AFB-E7AE8870880C}
		{8FDD1A5C-E7CD-493B-A182-CB82821EDE44} = {C9AD8132-2D49-41BF-8AFB-E7AE8870880C}
		{EE4E9234-F7E8-49DF-8096-1E5612E730DC} = {C9AD8132-2D49-41BF-8AFB-E7AE8870880C}
		{0E4427FD-CDD6-4AC1-80EF-234C2C4241D7} = {C9AD8132-2D49-41BF-8AFB-E7AE8870880C}
		{AF9E6F6F-5CF3-4E01-BCC8-8122DAFC374B} = {C9AD8132-2D49-41BF-8AFB-E7AE8870880C}
		{E160CE73-DDAB-4F86-9C8D-502752EAA144} = {C9AD8132-2D49-41BF-8AFB-E7AE8870880C}
		{C99DFA93-A3C2-49DD-BA1D-F9001DAEFDF9} = {E5481B50-A363-4C59-903A-505C77E139E5}
		{1D29C16D-C7DC-4732-B6FC-D51666E2610F} = {C9AD8132-2D49-41BF-8AFB-E7AE8870880C}
		{66290A59-E659-4893-BA13-031DBD5F4C75} = {C9AD8132-2D49-41BF-8AFB-E7AE8870880C}
		{F1ED3B21-C561-4F73-89D2-7554BA97DF8B} = {C9AD8132-2D49-41BF-8AFB-E7AE8870880C}
		{77A7A8A5-FE80-49BE-94A3-452A28CCB541} = {C9AD8132-2D49-41BF-8AFB-E7AE8870880C}
		{B1B25411-FC00-4D2A-B929-136BF0CD57AA} = {E5481B50-A363-4C59-903A-505C77E139E5}
		{0A502B4B-C487-476B-910C-EA01A4DD5C02} = {C9AD8132-2D49-41BF-8AFB-E7AE8870880C}
		{78087F9F-3FDA-4FB7-8D85-C653E8C57121} = {C9AD8132-2D49-41BF-8AFB-E7AE8870880C}
		{274E6D30-C85A-4EC4-88E0-A22FB37363FB} = {C9AD8132-2D49-41BF-8AFB-E7AE8870880C}
		{A17A77E0-9257-498A-80EB-22467AFD3921} = {C9AD8132-2D49-41BF-8AFB-E7AE8870880C}
		{5C97957C-01EE-4356-8AAE-7FCFB8DD4620} = {C9AD8132-2D49-41BF-8AFB-E7AE8870880C}
		{8032C929-0C88-4E91-A11D-B8B32ED0658D} = {C9AD8132-2D49-41BF-8AFB-E7AE8870880C}
		{DAB043BB-2B90-4226-B41F-28C590F343D2} = {C9AD8132-2D49-41BF-8AFB-E7AE8870880C}
		{356DC42A-82EF-4D66-930E-F092ED3E7590} = {C9AD8132-2D49-41BF-8AFB-E7AE8870880C}
		{4CCDDDCB-8D57-4FCC-AEE1-BD654656B869} = {C9AD8132-2D49-41BF-8AFB-E7AE8870880C}
		{FDA46FEE-C12B-4027-A291-68B492AE56FF} = {C9AD8132-2D49-41BF-8AFB-E7AE8870880C}
		{5502A264-E13A-40AE-9476-46FB8413BBAD} = {C9AD8132-2D49-41BF-8AFB-E7AE8870880C}
		{6610D6B2-93E2-43FA-8BFB-982A020FAB49} = {C9AD8132-2D49-41BF-8AFB-E7AE8870880C}
		{901137A5-D874-4DFF-9F8D-F1273BA0AC5F} = {C9AD8132-2D49-41BF-8AFB-E7AE8870880C}
		{A8BE23F5-48A7-4210-B118-DD83F19E90E4} = {C9AD8132-2D49-41BF-8AFB-E7AE8870880C}
	EndGlobalSection
	GlobalSection(ExtensibilityGlobals) = postSolution
		SolutionGuid = {446d456d-8d87-438a-9dac-1b76093e0305}
	EndGlobalSection
EndGlobal
